// !$*UTF8*$!
{
	archiveVersion = 1;
	classes = {
	};
	objectVersion = 46;
	objects = {

/* Begin PBXBuildFile section */
		9CAD3D811A81873C00A5F80F /* AppDelegate.swift in Sources */ = {isa = PBXBuildFile; fileRef = 9CAD3D801A81873C00A5F80F /* AppDelegate.swift */; };
		9CAD3D831A81873C00A5F80F /* ViewController.swift in Sources */ = {isa = PBXBuildFile; fileRef = 9CAD3D821A81873C00A5F80F /* ViewController.swift */; };
		9CAD3D861A81873C00A5F80F /* Main.storyboard in Resources */ = {isa = PBXBuildFile; fileRef = 9CAD3D841A81873C00A5F80F /* Main.storyboard */; };
		9CAD3D881A81873C00A5F80F /* Images.xcassets in Resources */ = {isa = PBXBuildFile; fileRef = 9CAD3D871A81873C00A5F80F /* Images.xcassets */; };
		9CAD3D8B1A81873C00A5F80F /* LaunchScreen.xib in Resources */ = {isa = PBXBuildFile; fileRef = 9CAD3D891A81873C00A5F80F /* LaunchScreen.xib */; };
		9CAD3D971A81873C00A5F80F /* TaskItTests.swift in Sources */ = {isa = PBXBuildFile; fileRef = 9CAD3D961A81873C00A5F80F /* TaskItTests.swift */; };
/* End PBXBuildFile section */

/* Begin PBXContainerItemProxy section */
		9CAD3D911A81873C00A5F80F /* PBXContainerItemProxy */ = {
			isa = PBXContainerItemProxy;
			containerPortal = 9CAD3D731A81873C00A5F80F /* Project object */;
			proxyType = 1;
			remoteGlobalIDString = 9CAD3D7A1A81873C00A5F80F;
			remoteInfo = TaskIt;
		};
/* End PBXContainerItemProxy section */

/* Begin PBXFileReference section */
		9CAD3D7B1A81873C00A5F80F /* TaskIt.app */ = {isa = PBXFileReference; explicitFileType = wrapper.application; includeInIndex = 0; path = TaskIt.app; sourceTree = BUILT_PRODUCTS_DIR; };
		9CAD3D7F1A81873C00A5F80F /* Info.plist */ = {isa = PBXFileReference; lastKnownFileType = text.plist.xml; path = Info.plist; sourceTree = "<group>"; };
		9CAD3D801A81873C00A5F80F /* AppDelegate.swift */ = {isa = PBXFileReference; lastKnownFileType = sourcecode.swift; path = AppDelegate.swift; sourceTree = "<group>"; };
		9CAD3D821A81873C00A5F80F /* ViewController.swift */ = {isa = PBXFileReference; lastKnownFileType = sourcecode.swift; path = ViewController.swift; sourceTree = "<group>"; };
		9CAD3D851A81873C00A5F80F /* Base */ = {isa = PBXFileReference; lastKnownFileType = file.storyboard; name = Base; path = Base.lproj/Main.storyboard; sourceTree = "<group>"; };
		9CAD3D871A81873C00A5F80F /* Images.xcassets */ = {isa = PBXFileReference; lastKnownFileType = folder.assetcatalog; path = Images.xcassets; sourceTree = "<group>"; };
		9CAD3D8A1A81873C00A5F80F /* Base */ = {isa = PBXFileReference; lastKnownFileType = file.xib; name = Base; path = Base.lproj/LaunchScreen.xib; sourceTree = "<group>"; };
		9CAD3D901A81873C00A5F80F /* TaskItTests.xctest */ = {isa = PBXFileReference; explicitFileType = wrapper.cfbundle; includeInIndex = 0; path = TaskItTests.xctest; sourceTree = BUILT_PRODUCTS_DIR; };
		9CAD3D951A81873C00A5F80F /* Info.plist */ = {isa = PBXFileReference; lastKnownFileType = text.plist.xml; path = Info.plist; sourceTree = "<group>"; };
		9CAD3D961A81873C00A5F80F /* TaskItTests.swift */ = {isa = PBXFileReference; lastKnownFileType = sourcecode.swift; path = TaskItTests.swift; sourceTree = "<group>"; };
/* End PBXFileReference section */

/* Begin PBXFrameworksBuildPhase section */
		9CAD3D781A81873C00A5F80F /* Frameworks */ = {
			isa = PBXFrameworksBuildPhase;
			buildActionMask = 2147483647;
			files = (
			);
			runOnlyForDeploymentPostprocessing = 0;
		};
		9CAD3D8D1A81873C00A5F80F /* Frameworks */ = {
			isa = PBXFrameworksBuildPhase;
			buildActionMask = 2147483647;
			files = (
			);
			runOnlyForDeploymentPostprocessing = 0;
		};
/* End PBXFrameworksBuildPhase section */

/* Begin PBXGroup section */
		9CAD3D721A81873C00A5F80F = {
			isa = PBXGroup;
			children = (
				9CAD3D7D1A81873C00A5F80F /* TaskIt */,
				9CAD3D931A81873C00A5F80F /* TaskItTests */,
				9CAD3D7C1A81873C00A5F80F /* Products */,
			);
			sourceTree = "<group>";
		};
		9CAD3D7C1A81873C00A5F80F /* Products */ = {
			isa = PBXGroup;
			children = (
				9CAD3D7B1A81873C00A5F80F /* TaskIt.app */,
				9CAD3D901A81873C00A5F80F /* TaskItTests.xctest */,
			);
			name = Products;
			sourceTree = "<group>";
		};
		9CAD3D7D1A81873C00A5F80F /* TaskIt */ = {
			isa = PBXGroup;
			children = (
				9CAD3D801A81873C00A5F80F /* AppDelegate.swift */,
				9CAD3D821A81873C00A5F80F /* ViewController.swift */,
				9CAD3D841A81873C00A5F80F /* Main.storyboard */,
				9CAD3D871A81873C00A5F80F /* Images.xcassets */,
				9CAD3D891A81873C00A5F80F /* LaunchScreen.xib */,
				9CAD3D7E1A81873C00A5F80F /* Supporting Files */,
			);
			path = TaskIt;
			sourceTree = "<group>";
		};
		9CAD3D7E1A81873C00A5F80F /* Supporting Files */ = {
			isa = PBXGroup;
			children = (
				9CAD3D7F1A81873C00A5F80F /* Info.plist */,
			);
			name = "Supporting Files";
			sourceTree = "<group>";
		};
		9CAD3D931A81873C00A5F80F /* TaskItTests */ = {
			isa = PBXGroup;
			children = (
				9CAD3D961A81873C00A5F80F /* TaskItTests.swift */,
				9CAD3D941A81873C00A5F80F /* Supporting Files */,
			);
			path = TaskItTests;
			sourceTree = "<group>";
		};
		9CAD3D941A81873C00A5F80F /* Supporting Files */ = {
			isa = PBXGroup;
			children = (
				9CAD3D951A81873C00A5F80F /* Info.plist */,
			);
			name = "Supporting Files";
			sourceTree = "<group>";
		};
/* End PBXGroup section */

/* Begin PBXNativeTarget section */
		9CAD3D7A1A81873C00A5F80F /* TaskIt */ = {
			isa = PBXNativeTarget;
			buildConfigurationList = 9CAD3D9A1A81873C00A5F80F /* Build configuration list for PBXNativeTarget "TaskIt" */;
			buildPhases = (
				9CAD3D771A81873C00A5F80F /* Sources */,
				9CAD3D781A81873C00A5F80F /* Frameworks */,
				9CAD3D791A81873C00A5F80F /* Resources */,
			);
			buildRules = (
			);
			dependencies = (
			);
			name = TaskIt;
			productName = TaskIt;
			productReference = 9CAD3D7B1A81873C00A5F80F /* TaskIt.app */;
			productType = "com.apple.product-type.application";
		};
		9CAD3D8F1A81873C00A5F80F /* TaskItTests */ = {
			isa = PBXNativeTarget;
			buildConfigurationList = 9CAD3D9D1A81873C00A5F80F /* Build configuration list for PBXNativeTarget "TaskItTests" */;
			buildPhases = (
				9CAD3D8C1A81873C00A5F80F /* Sources */,
				9CAD3D8D1A81873C00A5F80F /* Frameworks */,
				9CAD3D8E1A81873C00A5F80F /* Resources */,
			);
			buildRules = (
			);
			dependencies = (
				9CAD3D921A81873C00A5F80F /* PBXTargetDependency */,
			);
			name = TaskItTests;
			productName = TaskItTests;
			productReference = 9CAD3D901A81873C00A5F80F /* TaskItTests.xctest */;
			productType = "com.apple.product-type.bundle.unit-test";
		};
/* End PBXNativeTarget section */

/* Begin PBXProject section */
		9CAD3D731A81873C00A5F80F /* Project object */ = {
			isa = PBXProject;
			attributes = {
				LastUpgradeCheck = 0610;
				ORGANIZATIONNAME = "Pedo Peña";
				TargetAttributes = {
					9CAD3D7A1A81873C00A5F80F = {
						CreatedOnToolsVersion = 6.1.1;
					};
					9CAD3D8F1A81873C00A5F80F = {
						CreatedOnToolsVersion = 6.1.1;
						TestTargetID = 9CAD3D7A1A81873C00A5F80F;
					};
				};
			};
			buildConfigurationList = 9CAD3D761A81873C00A5F80F /* Build configuration list for PBXProject "TaskIt" */;
			compatibilityVersion = "Xcode 3.2";
			developmentRegion = English;
			hasScannedForEncodings = 0;
			knownRegions = (
				en,
				Base,
			);
			mainGroup = 9CAD3D721A81873C00A5F80F;
			productRefGroup = 9CAD3D7C1A81873C00A5F80F /* Products */;
			projectDirPath = "";
			projectRoot = "";
			targets = (
				9CAD3D7A1A81873C00A5F80F /* TaskIt */,
				9CAD3D8F1A81873C00A5F80F /* TaskItTests */,
			);
		};
/* End PBXProject section */

/* Begin PBXResourcesBuildPhase section */
		9CAD3D791A81873C00A5F80F /* Resources */ = {
			isa = PBXResourcesBuildPhase;
			buildActionMask = 2147483647;
			files = (
				9CAD3D861A81873C00A5F80F /* Main.storyboard in Resources */,
				9CAD3D8B1A81873C00A5F80F /* LaunchScreen.xib in Resources */,
				9CAD3D881A81873C00A5F80F /* Images.xcassets in Resources */,
			);
			runOnlyForDeploymentPostprocessing = 0;
		};
		9CAD3D8E1A81873C00A5F80F /* Resources */ = {
			isa = PBXResourcesBuildPhase;
			buildActionMask = 2147483647;
			files = (
			);
			runOnlyForDeploymentPostprocessing = 0;
		};
/* End PBXResourcesBuildPhase section */

/* Begin PBXSourcesBuildPhase section */
		9CAD3D771A81873C00A5F80F /* Sources */ = {
			isa = PBXSourcesBuildPhase;
			buildActionMask = 2147483647;
			files = (
				9CAD3D831A81873C00A5F80F /* ViewController.swift in Sources */,
				9CAD3D811A81873C00A5F80F /* AppDelegate.swift in Sources */,
			);
			runOnlyForDeploymentPostprocessing = 0;
		};
		9CAD3D8C1A81873C00A5F80F /* Sources */ = {
			isa = PBXSourcesBuildPhase;
			buildActionMask = 2147483647;
			files = (
				9CAD3D971A81873C00A5F80F /* TaskItTests.swift in Sources */,
			);
			runOnlyForDeploymentPostprocessing = 0;
		};
/* End PBXSourcesBuildPhase section */

/* Begin PBXTargetDependency section */
		9CAD3D921A81873C00A5F80F /* PBXTargetDependency */ = {
			isa = PBXTargetDependency;
			target = 9CAD3D7A1A81873C00A5F80F /* TaskIt */;
			targetProxy = 9CAD3D911A81873C00A5F80F /* PBXContainerItemProxy */;
		};
/* End PBXTargetDependency section */

/* Begin PBXVariantGroup section */
		9CAD3D841A81873C00A5F80F /* Main.storyboard */ = {
			isa = PBXVariantGroup;
			children = (
				9CAD3D851A81873C00A5F80F /* Base */,
			);
			name = Main.storyboard;
			sourceTree = "<group>";
		};
		9CAD3D891A81873C00A5F80F /* LaunchScreen.xib */ = {
			isa = PBXVariantGroup;
			children = (
				9CAD3D8A1A81873C00A5F80F /* Base */,
			);
			name = LaunchScreen.xib;
			sourceTree = "<group>";
		};
/* End PBXVariantGroup section */

/* Begin XCBuildConfiguration section */
		9CAD3D981A81873C00A5F80F /* Debug */ = {
			isa = XCBuildConfiguration;
			buildSettings = {
				ALWAYS_SEARCH_USER_PATHS = NO;
				CLANG_CXX_LANGUAGE_STANDARD = "gnu++0x";
				CLANG_CXX_LIBRARY = "libc++";
				CLANG_ENABLE_MODULES = YES;
				CLANG_ENABLE_OBJC_ARC = YES;
				CLANG_WARN_BOOL_CONVERSION = YES;
				CLANG_WARN_CONSTANT_CONVERSION = YES;
				CLANG_WARN_DIRECT_OBJC_ISA_USAGE = YES_ERROR;
				CLANG_WARN_EMPTY_BODY = YES;
				CLANG_WARN_ENUM_CONVERSION = YES;
				CLANG_WARN_INT_CONVERSION = YES;
				CLANG_WARN_OBJC_ROOT_CLASS = YES_ERROR;
				CLANG_WARN_UNREACHABLE_CODE = YES;
				CLANG_WARN__DUPLICATE_METHOD_MATCH = YES;
				"CODE_SIGN_IDENTITY[sdk=iphoneos*]" = "iPhone Developer";
				COPY_PHASE_STRIP = NO;
				ENABLE_STRICT_OBJC_MSGSEND = YES;
				GCC_C_LANGUAGE_STANDARD = gnu99;
				GCC_DYNAMIC_NO_PIC = NO;
				GCC_OPTIMIZATION_LEVEL = 0;
				GCC_PREPROCESSOR_DEFINITIONS = (
					"DEBUG=1",
					"$(inherited)",
				);
				GCC_SYMBOLS_PRIVATE_EXTERN = NO;
				GCC_WARN_64_TO_32_BIT_CONVERSION = YES;
				GCC_WARN_ABOUT_RETURN_TYPE = YES_ERROR;
				GCC_WARN_UNDECLARED_SELECTOR = YES;
				GCC_WARN_UNINITIALIZED_AUTOS = YES_AGGRESSIVE;
				GCC_WARN_UNUSED_FUNCTION = YES;
				GCC_WARN_UNUSED_VARIABLE = YES;
				IPHONEOS_DEPLOYMENT_TARGET = 8.1;
				MTL_ENABLE_DEBUG_INFO = YES;
				ONLY_ACTIVE_ARCH = YES;
				SDKROOT = iphoneos;
				SWIFT_OPTIMIZATION_LEVEL = "-Onone";
				TARGETED_DEVICE_FAMILY = "1,2";
			};
			name = Debug;
		};
		9CAD3D991A81873C00A5F80F /* Release */ = {
			isa = XCBuildConfiguration;
			buildSettings = {
				ALWAYS_SEARCH_USER_PATHS = NO;
				CLANG_CXX_LANGUAGE_STANDARD = "gnu++0x";
				CLANG_CXX_LIBRARY = "libc++";
				CLANG_ENABLE_MODULES = YES;
				CLANG_ENABLE_OBJC_ARC = YES;
				CLANG_WARN_BOOL_CONVERSION = YES;
				CLANG_WARN_CONSTANT_CONVERSION = YES;
				CLANG_WARN_DIRECT_OBJC_ISA_USAGE = YES_ERROR;
				CLANG_WARN_EMPTY_BODY = YES;
				CLANG_WARN_ENUM_CONVERSION = YES;
				CLANG_WARN_INT_CONVERSION = YES;
				CLANG_WARN_OBJC_ROOT_CLASS = YES_ERROR;
				CLANG_WARN_UNREACHABLE_CODE = YES;
				CLANG_WARN__DUPLICATE_METHOD_MATCH = YES;
				"CODE_SIGN_IDENTITY[sdk=iphoneos*]" = "iPhone Developer";
				COPY_PHASE_STRIP = YES;
				ENABLE_NS_ASSERTIONS = NO;
				ENABLE_STRICT_OBJC_MSGSEND = YES;
				GCC_C_LANGUAGE_STANDARD = gnu99;
				GCC_WARN_64_TO_32_BIT_CONVERSION = YES;
				GCC_WARN_ABOUT_RETURN_TYPE = YES_ERROR;
				GCC_WARN_UNDECLARED_SELECTOR = YES;
				GCC_WARN_UNINITIALIZED_AUTOS = YES_AGGRESSIVE;
				GCC_WARN_UNUSED_FUNCTION = YES;
				GCC_WARN_UNUSED_VARIABLE = YES;
				IPHONEOS_DEPLOYMENT_TARGET = 8.1;
				MTL_ENABLE_DEBUG_INFO = NO;
				SDKROOT = iphoneos;
				TARGETED_DEVICE_FAMILY = "1,2";
				VALIDATE_PRODUCT = YES;
			};
			name = Release;
		};
		9CAD3D9B1A81873C00A5F80F /* Debug */ = {
			isa = XCBuildConfiguration;
			buildSettings = {
				ASSETCATALOG_COMPILER_APPICON_NAME = AppIcon;
				INFOPLIST_FILE = TaskIt/Info.plist;
				LD_RUNPATH_SEARCH_PATHS = "$(inherited) @executable_path/Frameworks";
				PRODUCT_NAME = "$(TARGET_NAME)";
			};
			name = Debug;
		};
		9CAD3D9C1A81873C00A5F80F /* Release */ = {
			isa = XCBuildConfiguration;
			buildSettings = {
				ASSETCATALOG_COMPILER_APPICON_NAME = AppIcon;
				INFOPLIST_FILE = TaskIt/Info.plist;
				LD_RUNPATH_SEARCH_PATHS = "$(inherited) @executable_path/Frameworks";
				PRODUCT_NAME = "$(TARGET_NAME)";
			};
			name = Release;
		};
		9CAD3D9E1A81873C00A5F80F /* Debug */ = {
			isa = XCBuildConfiguration;
			buildSettings = {
				BUNDLE_LOADER = "$(TEST_HOST)";
				FRAMEWORK_SEARCH_PATHS = (
					"$(SDKROOT)/Developer/Library/Frameworks",
					"$(inherited)",
				);
				GCC_PREPROCESSOR_DEFINITIONS = (
					"DEBUG=1",
					"$(inherited)",
				);
				INFOPLIST_FILE = TaskItTests/Info.plist;
				LD_RUNPATH_SEARCH_PATHS = "$(inherited) @executable_path/Frameworks @loader_path/Frameworks";
				PRODUCT_NAME = "$(TARGET_NAME)";
				TEST_HOST = "$(BUILT_PRODUCTS_DIR)/TaskIt.app/TaskIt";
			};
			name = Debug;
		};
		9CAD3D9F1A81873C00A5F80F /* Release */ = {
			isa = XCBuildConfiguration;
			buildSettings = {
				BUNDLE_LOADER = "$(TEST_HOST)";
				FRAMEWORK_SEARCH_PATHS = (
					"$(SDKROOT)/Developer/Library/Frameworks",
					"$(inherited)",
				);
				INFOPLIST_FILE = TaskItTests/Info.plist;
				LD_RUNPATH_SEARCH_PATHS = "$(inherited) @executable_path/Frameworks @loader_path/Frameworks";
				PRODUCT_NAME = "$(TARGET_NAME)";
				TEST_HOST = "$(BUILT_PRODUCTS_DIR)/TaskIt.app/TaskIt";
			};
			name = Release;
		};
/* End XCBuildConfiguration section */

/* Begin XCConfigurationList section */
		9CAD3D761A81873C00A5F80F /* Build configuration list for PBXProject "TaskIt" */ = {
			isa = XCConfigurationList;
			buildConfigurations = (
				9CAD3D981A81873C00A5F80F /* Debug */,
				9CAD3D991A81873C00A5F80F /* Release */,
			);
			defaultConfigurationIsVisible = 0;
			defaultConfigurationName = Release;
		};
		9CAD3D9A1A81873C00A5F80F /* Build configuration list for PBXNativeTarget "TaskIt" */ = {
			isa = XCConfigurationList;
			buildConfigurations = (
				9CAD3D9B1A81873C00A5F80F /* Debug */,
				9CAD3D9C1A81873C00A5F80F /* Release */,
			);
			defaultConfigurationIsVisible = 0;
		};
		9CAD3D9D1A81873C00A5F80F /* Build configuration list for PBXNativeTarget "TaskItTests" */ = {
			isa = XCConfigurationList;
			buildConfigurations = (
				9CAD3D9E1A81873C00A5F80F /* Debug */,
				9CAD3D9F1A81873C00A5F80F /* Release */,
			);
			defaultConfigurationIsVisible = 0;
		};
/* End XCConfigurationList section */
	};
	rootObject = 9CAD3D731A81873C00A5F80F /* Project object */;
}
