// !$*UTF8*$!
{
	archiveVersion = 1;
	classes = {
	};
	objectVersion = 46;
	objects = {

/* Begin PBXBuildFile section */
		9C6C967A17037B5A004E47CB /* UIKit.framework in Frameworks */ = {isa = PBXBuildFile; fileRef = 9C6C967917037B5A004E47CB /* UIKit.framework */; };
		9C6C967C17037B5A004E47CB /* Foundation.framework in Frameworks */ = {isa = PBXBuildFile; fileRef = 9C6C967B17037B5A004E47CB /* Foundation.framework */; };
		9C6C967E17037B5A004E47CB /* CoreGraphics.framework in Frameworks */ = {isa = PBXBuildFile; fileRef = 9C6C967D17037B5A004E47CB /* CoreGraphics.framework */; };
		9C6C968417037B5A004E47CB /* InfoPlist.strings in Resources */ = {isa = PBXBuildFile; fileRef = 9C6C968217037B5A004E47CB /* InfoPlist.strings */; };
		9C6C968617037B5A004E47CB /* main.m in Sources */ = {isa = PBXBuildFile; fileRef = 9C6C968517037B5A004E47CB /* main.m */; };
		9C6C968A17037B5A004E47CB /* BIDAppDelegate.m in Sources */ = {isa = PBXBuildFile; fileRef = 9C6C968917037B5A004E47CB /* BIDAppDelegate.m */; };
		9C6C968C17037B5A004E47CB /* Default.png in Resources */ = {isa = PBXBuildFile; fileRef = 9C6C968B17037B5A004E47CB /* Default.png */; };
		9C6C968E17037B5A004E47CB /* Default@2x.png in Resources */ = {isa = PBXBuildFile; fileRef = 9C6C968D17037B5A004E47CB /* Default@2x.png */; };
		9C6C969017037B5A004E47CB /* Default-568h@2x.png in Resources */ = {isa = PBXBuildFile; fileRef = 9C6C968F17037B5A004E47CB /* Default-568h@2x.png */; };
		9C6C969317037B5A004E47CB /* BIDViewController.m in Sources */ = {isa = PBXBuildFile; fileRef = 9C6C969217037B5A004E47CB /* BIDViewController.m */; };
		9C6C969617037B5A004E47CB /* BIDViewController.xib in Resources */ = {isa = PBXBuildFile; fileRef = 9C6C969417037B5A004E47CB /* BIDViewController.xib */; };
/* End PBXBuildFile section */

/* Begin PBXFileReference section */
		9C6C967617037B5A004E47CB /* Button Fun.app */ = {isa = PBXFileReference; explicitFileType = wrapper.application; includeInIndex = 0; path = "Button Fun.app"; sourceTree = BUILT_PRODUCTS_DIR; };
		9C6C967917037B5A004E47CB /* UIKit.framework */ = {isa = PBXFileReference; lastKnownFileType = wrapper.framework; name = UIKit.framework; path = System/Library/Frameworks/UIKit.framework; sourceTree = SDKROOT; };
		9C6C967B17037B5A004E47CB /* Foundation.framework */ = {isa = PBXFileReference; lastKnownFileType = wrapper.framework; name = Foundation.framework; path = System/Library/Frameworks/Foundation.framework; sourceTree = SDKROOT; };
		9C6C967D17037B5A004E47CB /* CoreGraphics.framework */ = {isa = PBXFileReference; lastKnownFileType = wrapper.framework; name = CoreGraphics.framework; path = System/Library/Frameworks/CoreGraphics.framework; sourceTree = SDKROOT; };
		9C6C968117037B5A004E47CB /* Button Fun-Info.plist */ = {isa = PBXFileReference; lastKnownFileType = text.plist.xml; path = "Button Fun-Info.plist"; sourceTree = "<group>"; };
		9C6C968317037B5A004E47CB /* en */ = {isa = PBXFileReference; lastKnownFileType = text.plist.strings; name = en; path = en.lproj/InfoPlist.strings; sourceTree = "<group>"; };
		9C6C968517037B5A004E47CB /* main.m */ = {isa = PBXFileReference; lastKnownFileType = sourcecode.c.objc; path = main.m; sourceTree = "<group>"; };
		9C6C968717037B5A004E47CB /* Button Fun-Prefix.pch */ = {isa = PBXFileReference; lastKnownFileType = sourcecode.c.h; path = "Button Fun-Prefix.pch"; sourceTree = "<group>"; };
		9C6C968817037B5A004E47CB /* BIDAppDelegate.h */ = {isa = PBXFileReference; lastKnownFileType = sourcecode.c.h; path = BIDAppDelegate.h; sourceTree = "<group>"; };
		9C6C968917037B5A004E47CB /* BIDAppDelegate.m */ = {isa = PBXFileReference; lastKnownFileType = sourcecode.c.objc; path = BIDAppDelegate.m; sourceTree = "<group>"; };
		9C6C968B17037B5A004E47CB /* Default.png */ = {isa = PBXFileReference; lastKnownFileType = image.png; path = Default.png; sourceTree = "<group>"; };
		9C6C968D17037B5A004E47CB /* Default@2x.png */ = {isa = PBXFileReference; lastKnownFileType = image.png; path = "Default@2x.png"; sourceTree = "<group>"; };
		9C6C968F17037B5A004E47CB /* Default-568h@2x.png */ = {isa = PBXFileReference; lastKnownFileType = image.png; path = "Default-568h@2x.png"; sourceTree = "<group>"; };
		9C6C969117037B5A004E47CB /* BIDViewController.h */ = {isa = PBXFileReference; lastKnownFileType = sourcecode.c.h; path = BIDViewController.h; sourceTree = "<group>"; };
		9C6C969217037B5A004E47CB /* BIDViewController.m */ = {isa = PBXFileReference; lastKnownFileType = sourcecode.c.objc; path = BIDViewController.m; sourceTree = "<group>"; };
		9C6C969517037B5A004E47CB /* en */ = {isa = PBXFileReference; lastKnownFileType = file.xib; name = en; path = en.lproj/BIDViewController.xib; sourceTree = "<group>"; };
/* End PBXFileReference section */

/* Begin PBXFrameworksBuildPhase section */
		9C6C967317037B5A004E47CB /* Frameworks */ = {
			isa = PBXFrameworksBuildPhase;
			buildActionMask = 2147483647;
			files = (
				9C6C967A17037B5A004E47CB /* UIKit.framework in Frameworks */,
				9C6C967C17037B5A004E47CB /* Foundation.framework in Frameworks */,
				9C6C967E17037B5A004E47CB /* CoreGraphics.framework in Frameworks */,
			);
			runOnlyForDeploymentPostprocessing = 0;
		};
/* End PBXFrameworksBuildPhase section */

/* Begin PBXGroup section */
		9C6C966D17037B5A004E47CB = {
			isa = PBXGroup;
			children = (
				9C6C967F17037B5A004E47CB /* Button Fun */,
				9C6C967817037B5A004E47CB /* Frameworks */,
				9C6C967717037B5A004E47CB /* Products */,
			);
			sourceTree = "<group>";
		};
		9C6C967717037B5A004E47CB /* Products */ = {
			isa = PBXGroup;
			children = (
				9C6C967617037B5A004E47CB /* Button Fun.app */,
			);
			name = Products;
			sourceTree = "<group>";
		};
		9C6C967817037B5A004E47CB /* Frameworks */ = {
			isa = PBXGroup;
			children = (
				9C6C967917037B5A004E47CB /* UIKit.framework */,
				9C6C967B17037B5A004E47CB /* Foundation.framework */,
				9C6C967D17037B5A004E47CB /* CoreGraphics.framework */,
			);
			name = Frameworks;
			sourceTree = "<group>";
		};
		9C6C967F17037B5A004E47CB /* Button Fun */ = {
			isa = PBXGroup;
			children = (
				9C6C968817037B5A004E47CB /* BIDAppDelegate.h */,
				9C6C968917037B5A004E47CB /* BIDAppDelegate.m */,
				9C6C969117037B5A004E47CB /* BIDViewController.h */,
				9C6C969217037B5A004E47CB /* BIDViewController.m */,
				9C6C969417037B5A004E47CB /* BIDViewController.xib */,
				9C6C968017037B5A004E47CB /* Supporting Files */,
			);
			path = "Button Fun";
			sourceTree = "<group>";
		};
		9C6C968017037B5A004E47CB /* Supporting Files */ = {
			isa = PBXGroup;
			children = (
				9C6C968117037B5A004E47CB /* Button Fun-Info.plist */,
				9C6C968217037B5A004E47CB /* InfoPlist.strings */,
				9C6C968517037B5A004E47CB /* main.m */,
				9C6C968717037B5A004E47CB /* Button Fun-Prefix.pch */,
				9C6C968B17037B5A004E47CB /* Default.png */,
				9C6C968D17037B5A004E47CB /* Default@2x.png */,
				9C6C968F17037B5A004E47CB /* Default-568h@2x.png */,
			);
			name = "Supporting Files";
			sourceTree = "<group>";
		};
/* End PBXGroup section */

/* Begin PBXNativeTarget section */
		9C6C967517037B5A004E47CB /* Button Fun */ = {
			isa = PBXNativeTarget;
			buildConfigurationList = 9C6C969917037B5A004E47CB /* Build configuration list for PBXNativeTarget "Button Fun" */;
			buildPhases = (
				9C6C967217037B5A004E47CB /* Sources */,
				9C6C967317037B5A004E47CB /* Frameworks */,
				9C6C967417037B5A004E47CB /* Resources */,
			);
			buildRules = (
			);
			dependencies = (
			);
			name = "Button Fun";
			productName = "Button Fun";
			productReference = 9C6C967617037B5A004E47CB /* Button Fun.app */;
			productType = "com.apple.product-type.application";
		};
/* End PBXNativeTarget section */

/* Begin PBXProject section */
		9C6C966E17037B5A004E47CB /* Project object */ = {
			isa = PBXProject;
			attributes = {
				CLASSPREFIX = BID;
				LastUpgradeCheck = 0460;
				ORGANIZATIONNAME = Apress;
			};
			buildConfigurationList = 9C6C967117037B5A004E47CB /* Build configuration list for PBXProject "Button Fun" */;
			compatibilityVersion = "Xcode 3.2";
			developmentRegion = English;
			hasScannedForEncodings = 0;
			knownRegions = (
				en,
			);
			mainGroup = 9C6C966D17037B5A004E47CB;
			productRefGroup = 9C6C967717037B5A004E47CB /* Products */;
			projectDirPath = "";
			projectRoot = "";
			targets = (
				9C6C967517037B5A004E47CB /* Button Fun */,
			);
		};
/* End PBXProject section */

/* Begin PBXResourcesBuildPhase section */
		9C6C967417037B5A004E47CB /* Resources */ = {
			isa = PBXResourcesBuildPhase;
			buildActionMask = 2147483647;
			files = (
				9C6C968417037B5A004E47CB /* InfoPlist.strings in Resources */,
				9C6C968C17037B5A004E47CB /* Default.png in Resources */,
				9C6C968E17037B5A004E47CB /* Default@2x.png in Resources */,
				9C6C969017037B5A004E47CB /* Default-568h@2x.png in Resources */,
				9C6C969617037B5A004E47CB /* BIDViewController.xib in Resources */,
			);
			runOnlyForDeploymentPostprocessing = 0;
		};
/* End PBXResourcesBuildPhase section */

/* Begin PBXSourcesBuildPhase section */
		9C6C967217037B5A004E47CB /* Sources */ = {
			isa = PBXSourcesBuildPhase;
			buildActionMask = 2147483647;
			files = (
				9C6C968617037B5A004E47CB /* main.m in Sources */,
				9C6C968A17037B5A004E47CB /* BIDAppDelegate.m in Sources */,
				9C6C969317037B5A004E47CB /* BIDViewController.m in Sources */,
			);
			runOnlyForDeploymentPostprocessing = 0;
		};
/* End PBXSourcesBuildPhase section */

/* Begin PBXVariantGroup section */
		9C6C968217037B5A004E47CB /* InfoPlist.strings */ = {
			isa = PBXVariantGroup;
			children = (
				9C6C968317037B5A004E47CB /* en */,
			);
			name = InfoPlist.strings;
			sourceTree = "<group>";
		};
		9C6C969417037B5A004E47CB /* BIDViewController.xib */ = {
			isa = PBXVariantGroup;
			children = (
				9C6C969517037B5A004E47CB /* en */,
			);
			name = BIDViewController.xib;
			sourceTree = "<group>";
		};
/* End PBXVariantGroup section */

/* Begin XCBuildConfiguration section */
		9C6C969717037B5A004E47CB /* Debug */ = {
			isa = XCBuildConfiguration;
			buildSettings = {
				ALWAYS_SEARCH_USER_PATHS = NO;
				CLANG_CXX_LANGUAGE_STANDARD = "gnu++0x";
				CLANG_CXX_LIBRARY = "libc++";
				CLANG_ENABLE_OBJC_ARC = YES;
				CLANG_WARN_CONSTANT_CONVERSION = YES;
				CLANG_WARN_EMPTY_BODY = YES;
				CLANG_WARN_ENUM_CONVERSION = YES;
				CLANG_WARN_INT_CONVERSION = YES;
				CLANG_WARN__DUPLICATE_METHOD_MATCH = YES;
				"CODE_SIGN_IDENTITY[sdk=iphoneos*]" = "iPhone Developer";
				COPY_PHASE_STRIP = NO;
				GCC_C_LANGUAGE_STANDARD = gnu99;
				GCC_DYNAMIC_NO_PIC = NO;
				GCC_OPTIMIZATION_LEVEL = 0;
				GCC_PREPROCESSOR_DEFINITIONS = (
					"DEBUG=1",
					"$(inherited)",
				);
				GCC_SYMBOLS_PRIVATE_EXTERN = NO;
				GCC_WARN_ABOUT_RETURN_TYPE = YES;
				GCC_WARN_UNINITIALIZED_AUTOS = YES;
				GCC_WARN_UNUSED_VARIABLE = YES;
				IPHONEOS_DEPLOYMENT_TARGET = 6.1;
				ONLY_ACTIVE_ARCH = YES;
				SDKROOT = iphoneos;
			};
			name = Debug;
		};
		9C6C969817037B5A004E47CB /* Release */ = {
			isa = XCBuildConfiguration;
			buildSettings = {
				ALWAYS_SEARCH_USER_PATHS = NO;
				CLANG_CXX_LANGUAGE_STANDARD = "gnu++0x";
				CLANG_CXX_LIBRARY = "libc++";
				CLANG_ENABLE_OBJC_ARC = YES;
				CLANG_WARN_CONSTANT_CONVERSION = YES;
				CLANG_WARN_EMPTY_BODY = YES;
				CLANG_WARN_ENUM_CONVERSION = YES;
				CLANG_WARN_INT_CONVERSION = YES;
				CLANG_WARN__DUPLICATE_METHOD_MATCH = YES;
				"CODE_SIGN_IDENTITY[sdk=iphoneos*]" = "iPhone Developer";
				COPY_PHASE_STRIP = YES;
				GCC_C_LANGUAGE_STANDARD = gnu99;
				GCC_WARN_ABOUT_RETURN_TYPE = YES;
				GCC_WARN_UNINITIALIZED_AUTOS = YES;
				GCC_WARN_UNUSED_VARIABLE = YES;
				IPHONEOS_DEPLOYMENT_TARGET = 6.1;
				OTHER_CFLAGS = "-DNS_BLOCK_ASSERTIONS=1";
				SDKROOT = iphoneos;
				VALIDATE_PRODUCT = YES;
			};
			name = Release;
		};
		9C6C969A17037B5A004E47CB /* Debug */ = {
			isa = XCBuildConfiguration;
			buildSettings = {
				GCC_PRECOMPILE_PREFIX_HEADER = YES;
				GCC_PREFIX_HEADER = "Button Fun/Button Fun-Prefix.pch";
				INFOPLIST_FILE = "Button Fun/Button Fun-Info.plist";
				PRODUCT_NAME = "$(TARGET_NAME)";
				WRAPPER_EXTENSION = app;
			};
			name = Debug;
		};
		9C6C969B17037B5A004E47CB /* Release */ = {
			isa = XCBuildConfiguration;
			buildSettings = {
				GCC_PRECOMPILE_PREFIX_HEADER = YES;
				GCC_PREFIX_HEADER = "Button Fun/Button Fun-Prefix.pch";
				INFOPLIST_FILE = "Button Fun/Button Fun-Info.plist";
				PRODUCT_NAME = "$(TARGET_NAME)";
				WRAPPER_EXTENSION = app;
			};
			name = Release;
		};
/* End XCBuildConfiguration section */

/* Begin XCConfigurationList section */
		9C6C967117037B5A004E47CB /* Build configuration list for PBXProject "Button Fun" */ = {
			isa = XCConfigurationList;
			buildConfigurations = (
				9C6C969717037B5A004E47CB /* Debug */,
				9C6C969817037B5A004E47CB /* Release */,
			);
			defaultConfigurationIsVisible = 0;
			defaultConfigurationName = Release;
		};
		9C6C969917037B5A004E47CB /* Build configuration list for PBXNativeTarget "Button Fun" */ = {
			isa = XCConfigurationList;
			buildConfigurations = (
				9C6C969A17037B5A004E47CB /* Debug */,
				9C6C969B17037B5A004E47CB /* Release */,
			);
			defaultConfigurationIsVisible = 0;
		};
/* End XCConfigurationList section */
	};
	rootObject = 9C6C966E17037B5A004E47CB /* Project object */;
}
