// !$*UTF8*$!
{
	archiveVersion = 1;
	classes = {
	};
	objectVersion = 46;
	objects = {

/* Begin PBXBuildFile section */
		9CBF94EF188854B600577423 /* Foundation.framework in Frameworks */ = {isa = PBXBuildFile; fileRef = 9CBF94EE188854B600577423 /* Foundation.framework */; };
		9CBF94F1188854B600577423 /* CoreGraphics.framework in Frameworks */ = {isa = PBXBuildFile; fileRef = 9CBF94F0188854B600577423 /* CoreGraphics.framework */; };
		9CBF94F3188854B600577423 /* UIKit.framework in Frameworks */ = {isa = PBXBuildFile; fileRef = 9CBF94F2188854B600577423 /* UIKit.framework */; };
		9CBF94F9188854B600577423 /* InfoPlist.strings in Resources */ = {isa = PBXBuildFile; fileRef = 9CBF94F7188854B600577423 /* InfoPlist.strings */; };
		9CBF94FB188854B600577423 /* main.m in Sources */ = {isa = PBXBuildFile; fileRef = 9CBF94FA188854B600577423 /* main.m */; };
		9CBF94FF188854B600577423 /* UnitConverterAppDelegate.m in Sources */ = {isa = PBXBuildFile; fileRef = 9CBF94FE188854B600577423 /* UnitConverterAppDelegate.m */; };
		9CBF9502188854B600577423 /* Main.storyboard in Resources */ = {isa = PBXBuildFile; fileRef = 9CBF9500188854B600577423 /* Main.storyboard */; };
		9CBF9505188854B600577423 /* UnitConverterViewController.m in Sources */ = {isa = PBXBuildFile; fileRef = 9CBF9504188854B600577423 /* UnitConverterViewController.m */; };
		9CBF9507188854B600577423 /* Images.xcassets in Resources */ = {isa = PBXBuildFile; fileRef = 9CBF9506188854B600577423 /* Images.xcassets */; };
		9CBF950E188854B600577423 /* XCTest.framework in Frameworks */ = {isa = PBXBuildFile; fileRef = 9CBF950D188854B600577423 /* XCTest.framework */; };
		9CBF950F188854B600577423 /* Foundation.framework in Frameworks */ = {isa = PBXBuildFile; fileRef = 9CBF94EE188854B600577423 /* Foundation.framework */; };
		9CBF9510188854B600577423 /* UIKit.framework in Frameworks */ = {isa = PBXBuildFile; fileRef = 9CBF94F2188854B600577423 /* UIKit.framework */; };
		9CBF9518188854B600577423 /* InfoPlist.strings in Resources */ = {isa = PBXBuildFile; fileRef = 9CBF9516188854B600577423 /* InfoPlist.strings */; };
		9CBF951A188854B600577423 /* UnitConverterTests.m in Sources */ = {isa = PBXBuildFile; fileRef = 9CBF9519188854B600577423 /* UnitConverterTests.m */; };
/* End PBXBuildFile section */

/* Begin PBXContainerItemProxy section */
		9CBF9511188854B600577423 /* PBXContainerItemProxy */ = {
			isa = PBXContainerItemProxy;
			containerPortal = 9CBF94E3188854B600577423 /* Project object */;
			proxyType = 1;
			remoteGlobalIDString = 9CBF94EA188854B600577423;
			remoteInfo = UnitConverter;
		};
/* End PBXContainerItemProxy section */

/* Begin PBXFileReference section */
		9CBF94EB188854B600577423 /* UnitConverter.app */ = {isa = PBXFileReference; explicitFileType = wrapper.application; includeInIndex = 0; path = UnitConverter.app; sourceTree = BUILT_PRODUCTS_DIR; };
		9CBF94EE188854B600577423 /* Foundation.framework */ = {isa = PBXFileReference; lastKnownFileType = wrapper.framework; name = Foundation.framework; path = System/Library/Frameworks/Foundation.framework; sourceTree = SDKROOT; };
		9CBF94F0188854B600577423 /* CoreGraphics.framework */ = {isa = PBXFileReference; lastKnownFileType = wrapper.framework; name = CoreGraphics.framework; path = System/Library/Frameworks/CoreGraphics.framework; sourceTree = SDKROOT; };
		9CBF94F2188854B600577423 /* UIKit.framework */ = {isa = PBXFileReference; lastKnownFileType = wrapper.framework; name = UIKit.framework; path = System/Library/Frameworks/UIKit.framework; sourceTree = SDKROOT; };
		9CBF94F6188854B600577423 /* UnitConverter-Info.plist */ = {isa = PBXFileReference; lastKnownFileType = text.plist.xml; path = "UnitConverter-Info.plist"; sourceTree = "<group>"; };
		9CBF94F8188854B600577423 /* en */ = {isa = PBXFileReference; lastKnownFileType = text.plist.strings; name = en; path = en.lproj/InfoPlist.strings; sourceTree = "<group>"; };
		9CBF94FA188854B600577423 /* main.m */ = {isa = PBXFileReference; lastKnownFileType = sourcecode.c.objc; path = main.m; sourceTree = "<group>"; };
		9CBF94FC188854B600577423 /* UnitConverter-Prefix.pch */ = {isa = PBXFileReference; lastKnownFileType = sourcecode.c.h; path = "UnitConverter-Prefix.pch"; sourceTree = "<group>"; };
		9CBF94FD188854B600577423 /* UnitConverterAppDelegate.h */ = {isa = PBXFileReference; lastKnownFileType = sourcecode.c.h; path = UnitConverterAppDelegate.h; sourceTree = "<group>"; };
		9CBF94FE188854B600577423 /* UnitConverterAppDelegate.m */ = {isa = PBXFileReference; lastKnownFileType = sourcecode.c.objc; path = UnitConverterAppDelegate.m; sourceTree = "<group>"; };
		9CBF9501188854B600577423 /* Base */ = {isa = PBXFileReference; lastKnownFileType = file.storyboard; name = Base; path = Base.lproj/Main.storyboard; sourceTree = "<group>"; };
		9CBF9503188854B600577423 /* UnitConverterViewController.h */ = {isa = PBXFileReference; lastKnownFileType = sourcecode.c.h; path = UnitConverterViewController.h; sourceTree = "<group>"; };
		9CBF9504188854B600577423 /* UnitConverterViewController.m */ = {isa = PBXFileReference; lastKnownFileType = sourcecode.c.objc; path = UnitConverterViewController.m; sourceTree = "<group>"; };
		9CBF9506188854B600577423 /* Images.xcassets */ = {isa = PBXFileReference; lastKnownFileType = folder.assetcatalog; path = Images.xcassets; sourceTree = "<group>"; };
		9CBF950C188854B600577423 /* UnitConverterTests.xctest */ = {isa = PBXFileReference; explicitFileType = wrapper.cfbundle; includeInIndex = 0; path = UnitConverterTests.xctest; sourceTree = BUILT_PRODUCTS_DIR; };
		9CBF950D188854B600577423 /* XCTest.framework */ = {isa = PBXFileReference; lastKnownFileType = wrapper.framework; name = XCTest.framework; path = Library/Frameworks/XCTest.framework; sourceTree = DEVELOPER_DIR; };
		9CBF9515188854B600577423 /* UnitConverterTests-Info.plist */ = {isa = PBXFileReference; lastKnownFileType = text.plist.xml; path = "UnitConverterTests-Info.plist"; sourceTree = "<group>"; };
		9CBF9517188854B600577423 /* en */ = {isa = PBXFileReference; lastKnownFileType = text.plist.strings; name = en; path = en.lproj/InfoPlist.strings; sourceTree = "<group>"; };
		9CBF9519188854B600577423 /* UnitConverterTests.m */ = {isa = PBXFileReference; lastKnownFileType = sourcecode.c.objc; path = UnitConverterTests.m; sourceTree = "<group>"; };
/* End PBXFileReference section */

/* Begin PBXFrameworksBuildPhase section */
		9CBF94E8188854B600577423 /* Frameworks */ = {
			isa = PBXFrameworksBuildPhase;
			buildActionMask = 2147483647;
			files = (
				9CBF94F1188854B600577423 /* CoreGraphics.framework in Frameworks */,
				9CBF94F3188854B600577423 /* UIKit.framework in Frameworks */,
				9CBF94EF188854B600577423 /* Foundation.framework in Frameworks */,
			);
			runOnlyForDeploymentPostprocessing = 0;
		};
		9CBF9509188854B600577423 /* Frameworks */ = {
			isa = PBXFrameworksBuildPhase;
			buildActionMask = 2147483647;
			files = (
				9CBF950E188854B600577423 /* XCTest.framework in Frameworks */,
				9CBF9510188854B600577423 /* UIKit.framework in Frameworks */,
				9CBF950F188854B600577423 /* Foundation.framework in Frameworks */,
			);
			runOnlyForDeploymentPostprocessing = 0;
		};
/* End PBXFrameworksBuildPhase section */

/* Begin PBXGroup section */
		9CBF94E2188854B600577423 = {
			isa = PBXGroup;
			children = (
				9CBF94F4188854B600577423 /* UnitConverter */,
				9CBF9513188854B600577423 /* UnitConverterTests */,
				9CBF94ED188854B600577423 /* Frameworks */,
				9CBF94EC188854B600577423 /* Products */,
			);
			sourceTree = "<group>";
		};
		9CBF94EC188854B600577423 /* Products */ = {
			isa = PBXGroup;
			children = (
				9CBF94EB188854B600577423 /* UnitConverter.app */,
				9CBF950C188854B600577423 /* UnitConverterTests.xctest */,
			);
			name = Products;
			sourceTree = "<group>";
		};
		9CBF94ED188854B600577423 /* Frameworks */ = {
			isa = PBXGroup;
			children = (
				9CBF94EE188854B600577423 /* Foundation.framework */,
				9CBF94F0188854B600577423 /* CoreGraphics.framework */,
				9CBF94F2188854B600577423 /* UIKit.framework */,
				9CBF950D188854B600577423 /* XCTest.framework */,
			);
			name = Frameworks;
			sourceTree = "<group>";
		};
		9CBF94F4188854B600577423 /* UnitConverter */ = {
			isa = PBXGroup;
			children = (
				9CBF94FD188854B600577423 /* UnitConverterAppDelegate.h */,
				9CBF94FE188854B600577423 /* UnitConverterAppDelegate.m */,
				9CBF9500188854B600577423 /* Main.storyboard */,
				9CBF9503188854B600577423 /* UnitConverterViewController.h */,
				9CBF9504188854B600577423 /* UnitConverterViewController.m */,
				9CBF9506188854B600577423 /* Images.xcassets */,
				9CBF94F5188854B600577423 /* Supporting Files */,
			);
			path = UnitConverter;
			sourceTree = "<group>";
		};
		9CBF94F5188854B600577423 /* Supporting Files */ = {
			isa = PBXGroup;
			children = (
				9CBF94F6188854B600577423 /* UnitConverter-Info.plist */,
				9CBF94F7188854B600577423 /* InfoPlist.strings */,
				9CBF94FA188854B600577423 /* main.m */,
				9CBF94FC188854B600577423 /* UnitConverter-Prefix.pch */,
			);
			name = "Supporting Files";
			sourceTree = "<group>";
		};
		9CBF9513188854B600577423 /* UnitConverterTests */ = {
			isa = PBXGroup;
			children = (
				9CBF9519188854B600577423 /* UnitConverterTests.m */,
				9CBF9514188854B600577423 /* Supporting Files */,
			);
			path = UnitConverterTests;
			sourceTree = "<group>";
		};
		9CBF9514188854B600577423 /* Supporting Files */ = {
			isa = PBXGroup;
			children = (
				9CBF9515188854B600577423 /* UnitConverterTests-Info.plist */,
				9CBF9516188854B600577423 /* InfoPlist.strings */,
			);
			name = "Supporting Files";
			sourceTree = "<group>";
		};
/* End PBXGroup section */

/* Begin PBXNativeTarget section */
		9CBF94EA188854B600577423 /* UnitConverter */ = {
			isa = PBXNativeTarget;
			buildConfigurationList = 9CBF951D188854B600577423 /* Build configuration list for PBXNativeTarget "UnitConverter" */;
			buildPhases = (
				9CBF94E7188854B600577423 /* Sources */,
				9CBF94E8188854B600577423 /* Frameworks */,
				9CBF94E9188854B600577423 /* Resources */,
			);
			buildRules = (
			);
			dependencies = (
			);
			name = UnitConverter;
			productName = UnitConverter;
			productReference = 9CBF94EB188854B600577423 /* UnitConverter.app */;
			productType = "com.apple.product-type.application";
		};
		9CBF950B188854B600577423 /* UnitConverterTests */ = {
			isa = PBXNativeTarget;
			buildConfigurationList = 9CBF9520188854B600577423 /* Build configuration list for PBXNativeTarget "UnitConverterTests" */;
			buildPhases = (
				9CBF9508188854B600577423 /* Sources */,
				9CBF9509188854B600577423 /* Frameworks */,
				9CBF950A188854B600577423 /* Resources */,
			);
			buildRules = (
			);
			dependencies = (
				9CBF9512188854B600577423 /* PBXTargetDependency */,
			);
			name = UnitConverterTests;
			productName = UnitConverterTests;
			productReference = 9CBF950C188854B600577423 /* UnitConverterTests.xctest */;
			productType = "com.apple.product-type.bundle.unit-test";
		};
/* End PBXNativeTarget section */

/* Begin PBXProject section */
		9CBF94E3188854B600577423 /* Project object */ = {
			isa = PBXProject;
			attributes = {
				CLASSPREFIX = UnitConverter;
				LastUpgradeCheck = 0500;
				ORGANIZATIONNAME = "Pedo Peña";
				TargetAttributes = {
					9CBF950B188854B600577423 = {
						TestTargetID = 9CBF94EA188854B600577423;
					};
				};
			};
			buildConfigurationList = 9CBF94E6188854B600577423 /* Build configuration list for PBXProject "UnitConverter" */;
			compatibilityVersion = "Xcode 3.2";
			developmentRegion = English;
			hasScannedForEncodings = 0;
			knownRegions = (
				en,
				Base,
			);
			mainGroup = 9CBF94E2188854B600577423;
			productRefGroup = 9CBF94EC188854B600577423 /* Products */;
			projectDirPath = "";
			projectRoot = "";
			targets = (
				9CBF94EA188854B600577423 /* UnitConverter */,
				9CBF950B188854B600577423 /* UnitConverterTests */,
			);
		};
/* End PBXProject section */

/* Begin PBXResourcesBuildPhase section */
		9CBF94E9188854B600577423 /* Resources */ = {
			isa = PBXResourcesBuildPhase;
			buildActionMask = 2147483647;
			files = (
				9CBF9507188854B600577423 /* Images.xcassets in Resources */,
				9CBF94F9188854B600577423 /* InfoPlist.strings in Resources */,
				9CBF9502188854B600577423 /* Main.storyboard in Resources */,
			);
			runOnlyForDeploymentPostprocessing = 0;
		};
		9CBF950A188854B600577423 /* Resources */ = {
			isa = PBXResourcesBuildPhase;
			buildActionMask = 2147483647;
			files = (
				9CBF9518188854B600577423 /* InfoPlist.strings in Resources */,
			);
			runOnlyForDeploymentPostprocessing = 0;
		};
/* End PBXResourcesBuildPhase section */

/* Begin PBXSourcesBuildPhase section */
		9CBF94E7188854B600577423 /* Sources */ = {
			isa = PBXSourcesBuildPhase;
			buildActionMask = 2147483647;
			files = (
				9CBF94FB188854B600577423 /* main.m in Sources */,
				9CBF94FF188854B600577423 /* UnitConverterAppDelegate.m in Sources */,
				9CBF9505188854B600577423 /* UnitConverterViewController.m in Sources */,
			);
			runOnlyForDeploymentPostprocessing = 0;
		};
		9CBF9508188854B600577423 /* Sources */ = {
			isa = PBXSourcesBuildPhase;
			buildActionMask = 2147483647;
			files = (
				9CBF951A188854B600577423 /* UnitConverterTests.m in Sources */,
			);
			runOnlyForDeploymentPostprocessing = 0;
		};
/* End PBXSourcesBuildPhase section */

/* Begin PBXTargetDependency section */
		9CBF9512188854B600577423 /* PBXTargetDependency */ = {
			isa = PBXTargetDependency;
			target = 9CBF94EA188854B600577423 /* UnitConverter */;
			targetProxy = 9CBF9511188854B600577423 /* PBXContainerItemProxy */;
		};
/* End PBXTargetDependency section */

/* Begin PBXVariantGroup section */
		9CBF94F7188854B600577423 /* InfoPlist.strings */ = {
			isa = PBXVariantGroup;
			children = (
				9CBF94F8188854B600577423 /* en */,
			);
			name = InfoPlist.strings;
			sourceTree = "<group>";
		};
		9CBF9500188854B600577423 /* Main.storyboard */ = {
			isa = PBXVariantGroup;
			children = (
				9CBF9501188854B600577423 /* Base */,
			);
			name = Main.storyboard;
			sourceTree = "<group>";
		};
		9CBF9516188854B600577423 /* InfoPlist.strings */ = {
			isa = PBXVariantGroup;
			children = (
				9CBF9517188854B600577423 /* en */,
			);
			name = InfoPlist.strings;
			sourceTree = "<group>";
		};
/* End PBXVariantGroup section */

/* Begin XCBuildConfiguration section */
		9CBF951B188854B600577423 /* Debug */ = {
			isa = XCBuildConfiguration;
			buildSettings = {
				ALWAYS_SEARCH_USER_PATHS = NO;
				ARCHS = "$(ARCHS_STANDARD_INCLUDING_64_BIT)";
				CLANG_CXX_LANGUAGE_STANDARD = "gnu++0x";
				CLANG_CXX_LIBRARY = "libc++";
				CLANG_ENABLE_MODULES = YES;
				CLANG_ENABLE_OBJC_ARC = YES;
				CLANG_WARN_BOOL_CONVERSION = YES;
				CLANG_WARN_CONSTANT_CONVERSION = YES;
				CLANG_WARN_DIRECT_OBJC_ISA_USAGE = YES_ERROR;
				CLANG_WARN_EMPTY_BODY = YES;
				CLANG_WARN_ENUM_CONVERSION = YES;
				CLANG_WARN_INT_CONVERSION = YES;
				CLANG_WARN_OBJC_ROOT_CLASS = YES_ERROR;
				CLANG_WARN__DUPLICATE_METHOD_MATCH = YES;
				"CODE_SIGN_IDENTITY[sdk=iphoneos*]" = "iPhone Developer";
				COPY_PHASE_STRIP = NO;
				GCC_C_LANGUAGE_STANDARD = gnu99;
				GCC_DYNAMIC_NO_PIC = NO;
				GCC_OPTIMIZATION_LEVEL = 0;
				GCC_PREPROCESSOR_DEFINITIONS = (
					"DEBUG=1",
					"$(inherited)",
				);
				GCC_SYMBOLS_PRIVATE_EXTERN = NO;
				GCC_WARN_64_TO_32_BIT_CONVERSION = YES;
				GCC_WARN_ABOUT_RETURN_TYPE = YES_ERROR;
				GCC_WARN_UNDECLARED_SELECTOR = YES;
				GCC_WARN_UNINITIALIZED_AUTOS = YES;
				GCC_WARN_UNUSED_FUNCTION = YES;
				GCC_WARN_UNUSED_VARIABLE = YES;
				IPHONEOS_DEPLOYMENT_TARGET = 7.0;
				ONLY_ACTIVE_ARCH = YES;
				SDKROOT = iphoneos;
			};
			name = Debug;
		};
		9CBF951C188854B600577423 /* Release */ = {
			isa = XCBuildConfiguration;
			buildSettings = {
				ALWAYS_SEARCH_USER_PATHS = NO;
				ARCHS = "$(ARCHS_STANDARD_INCLUDING_64_BIT)";
				CLANG_CXX_LANGUAGE_STANDARD = "gnu++0x";
				CLANG_CXX_LIBRARY = "libc++";
				CLANG_ENABLE_MODULES = YES;
				CLANG_ENABLE_OBJC_ARC = YES;
				CLANG_WARN_BOOL_CONVERSION = YES;
				CLANG_WARN_CONSTANT_CONVERSION = YES;
				CLANG_WARN_DIRECT_OBJC_ISA_USAGE = YES_ERROR;
				CLANG_WARN_EMPTY_BODY = YES;
				CLANG_WARN_ENUM_CONVERSION = YES;
				CLANG_WARN_INT_CONVERSION = YES;
				CLANG_WARN_OBJC_ROOT_CLASS = YES_ERROR;
				CLANG_WARN__DUPLICATE_METHOD_MATCH = YES;
				"CODE_SIGN_IDENTITY[sdk=iphoneos*]" = "iPhone Developer";
				COPY_PHASE_STRIP = YES;
				ENABLE_NS_ASSERTIONS = NO;
				GCC_C_LANGUAGE_STANDARD = gnu99;
				GCC_WARN_64_TO_32_BIT_CONVERSION = YES;
				GCC_WARN_ABOUT_RETURN_TYPE = YES_ERROR;
				GCC_WARN_UNDECLARED_SELECTOR = YES;
				GCC_WARN_UNINITIALIZED_AUTOS = YES;
				GCC_WARN_UNUSED_FUNCTION = YES;
				GCC_WARN_UNUSED_VARIABLE = YES;
				IPHONEOS_DEPLOYMENT_TARGET = 7.0;
				SDKROOT = iphoneos;
				VALIDATE_PRODUCT = YES;
			};
			name = Release;
		};
		9CBF951E188854B600577423 /* Debug */ = {
			isa = XCBuildConfiguration;
			buildSettings = {
				ASSETCATALOG_COMPILER_APPICON_NAME = AppIcon;
				ASSETCATALOG_COMPILER_LAUNCHIMAGE_NAME = LaunchImage;
				GCC_PRECOMPILE_PREFIX_HEADER = YES;
				GCC_PREFIX_HEADER = "UnitConverter/UnitConverter-Prefix.pch";
				INFOPLIST_FILE = "UnitConverter/UnitConverter-Info.plist";
				PRODUCT_NAME = "$(TARGET_NAME)";
				WRAPPER_EXTENSION = app;
			};
			name = Debug;
		};
		9CBF951F188854B600577423 /* Release */ = {
			isa = XCBuildConfiguration;
			buildSettings = {
				ASSETCATALOG_COMPILER_APPICON_NAME = AppIcon;
				ASSETCATALOG_COMPILER_LAUNCHIMAGE_NAME = LaunchImage;
				GCC_PRECOMPILE_PREFIX_HEADER = YES;
				GCC_PREFIX_HEADER = "UnitConverter/UnitConverter-Prefix.pch";
				INFOPLIST_FILE = "UnitConverter/UnitConverter-Info.plist";
				PRODUCT_NAME = "$(TARGET_NAME)";
				WRAPPER_EXTENSION = app;
			};
			name = Release;
		};
		9CBF9521188854B600577423 /* Debug */ = {
			isa = XCBuildConfiguration;
			buildSettings = {
				ARCHS = "$(ARCHS_STANDARD_INCLUDING_64_BIT)";
				BUNDLE_LOADER = "$(BUILT_PRODUCTS_DIR)/UnitConverter.app/UnitConverter";
				FRAMEWORK_SEARCH_PATHS = (
					"$(SDKROOT)/Developer/Library/Frameworks",
					"$(inherited)",
					"$(DEVELOPER_FRAMEWORKS_DIR)",
				);
				GCC_PRECOMPILE_PREFIX_HEADER = YES;
				GCC_PREFIX_HEADER = "UnitConverter/UnitConverter-Prefix.pch";
				GCC_PREPROCESSOR_DEFINITIONS = (
					"DEBUG=1",
					"$(inherited)",
				);
				INFOPLIST_FILE = "UnitConverterTests/UnitConverterTests-Info.plist";
				PRODUCT_NAME = "$(TARGET_NAME)";
				TEST_HOST = "$(BUNDLE_LOADER)";
				WRAPPER_EXTENSION = xctest;
			};
			name = Debug;
		};
		9CBF9522188854B600577423 /* Release */ = {
			isa = XCBuildConfiguration;
			buildSettings = {
				ARCHS = "$(ARCHS_STANDARD_INCLUDING_64_BIT)";
				BUNDLE_LOADER = "$(BUILT_PRODUCTS_DIR)/UnitConverter.app/UnitConverter";
				FRAMEWORK_SEARCH_PATHS = (
					"$(SDKROOT)/Developer/Library/Frameworks",
					"$(inherited)",
					"$(DEVELOPER_FRAMEWORKS_DIR)",
				);
				GCC_PRECOMPILE_PREFIX_HEADER = YES;
				GCC_PREFIX_HEADER = "UnitConverter/UnitConverter-Prefix.pch";
				INFOPLIST_FILE = "UnitConverterTests/UnitConverterTests-Info.plist";
				PRODUCT_NAME = "$(TARGET_NAME)";
				TEST_HOST = "$(BUNDLE_LOADER)";
				WRAPPER_EXTENSION = xctest;
			};
			name = Release;
		};
/* End XCBuildConfiguration section */

/* Begin XCConfigurationList section */
		9CBF94E6188854B600577423 /* Build configuration list for PBXProject "UnitConverter" */ = {
			isa = XCConfigurationList;
			buildConfigurations = (
				9CBF951B188854B600577423 /* Debug */,
				9CBF951C188854B600577423 /* Release */,
			);
			defaultConfigurationIsVisible = 0;
			defaultConfigurationName = Release;
		};
		9CBF951D188854B600577423 /* Build configuration list for PBXNativeTarget "UnitConverter" */ = {
			isa = XCConfigurationList;
			buildConfigurations = (
				9CBF951E188854B600577423 /* Debug */,
				9CBF951F188854B600577423 /* Release */,
			);
			defaultConfigurationIsVisible = 0;
		};
		9CBF9520188854B600577423 /* Build configuration list for PBXNativeTarget "UnitConverterTests" */ = {
			isa = XCConfigurationList;
			buildConfigurations = (
				9CBF9521188854B600577423 /* Debug */,
				9CBF9522188854B600577423 /* Release */,
			);
			defaultConfigurationIsVisible = 0;
		};
/* End XCConfigurationList section */
	};
	rootObject = 9CBF94E3188854B600577423 /* Project object */;
}
